
Microsoft Visual Studio Solution File, Format Version 12.00
# Visual Studio 2015
Project("{FAE04EC0-301F-11D3-BF4B-00C04F79EFBC}") = "VRdevViveCourse.CSharp.Plugins", "VRdevViveCourse.CSharp.Plugins.csproj", "{C4BABAF2-71F2-4640-8778-D3AA6D55E6A0}"
EndProject
Project("{FAE04EC0-301F-11D3-BF4B-00C04F79EFBC}") = "VRdevViveCourse.CSharp", "VRdevViveCourse.CSharp.csproj", "{258D2557-64EB-87A0-A390-4177BEE3F11B}"
EndProject
Project("{FAE04EC0-301F-11D3-BF4B-00C04F79EFBC}") = "VRdevViveCourse.CSharp.Editor", "VRdevViveCourse.CSharp.Editor.csproj", "{807FBA7B-3DDF-BC43-2930-D51CA1F1BEC6}"
EndProject
Global
	GlobalSection(SolutionConfigurationPlatforms) = preSolution
		Debug|Any CPU = Debug|Any CPU
		Release|Any CPU = Release|Any CPU
	EndGlobalSection
	GlobalSection(ProjectConfigurationPlatforms) = postSolution
		{C4BABAF2-71F2-4640-8778-D3AA6D55E6A0}.Debug|Any CPU.ActiveCfg = Debug|Any CPU
		{C4BABAF2-71F2-4640-8778-D3AA6D55E6A0}.Debug|Any CPU.Build.0 = Debug|Any CPU
		{C4BABAF2-71F2-4640-8778-D3AA6D55E6A0}.Release|Any CPU.ActiveCfg = Release|Any CPU
		{C4BABAF2-71F2-4640-8778-D3AA6D55E6A0}.Release|Any CPU.Build.0 = Release|Any CPU
		{258D2557-64EB-87A0-A390-4177BEE3F11B}.Debug|Any CPU.ActiveCfg = Debug|Any CPU
		{258D2557-64EB-87A0-A390-4177BEE3F11B}.Debug|Any CPU.Build.0 = Debug|Any CPU
		{258D2557-64EB-87A0-A390-4177BEE3F11B}.Release|Any CPU.ActiveCfg = Release|Any CPU
		{258D2557-64EB-87A0-A390-4177BEE3F11B}.Release|Any CPU.Build.0 = Release|Any CPU
		{807FBA7B-3DDF-BC43-2930-D51CA1F1BEC6}.Debug|Any CPU.ActiveCfg = Debug|Any CPU
		{807FBA7B-3DDF-BC43-2930-D51CA1F1BEC6}.Debug|Any CPU.Build.0 = Debug|Any CPU
		{807FBA7B-3DDF-BC43-2930-D51CA1F1BEC6}.Release|Any CPU.ActiveCfg = Release|Any CPU
		{807FBA7B-3DDF-BC43-2930-D51CA1F1BEC6}.Release|Any CPU.Build.0 = Release|Any CPU
	EndGlobalSection
	GlobalSection(SolutionProperties) = preSolution
		HideSolutionNode = FALSE
	EndGlobalSection
EndGlobal
